
Microsoft Visual Studio Solution File, Format Version 12.00
# Visual Studio Version 16
VisualStudioVersion = 16.0.30114.105
MinimumVisualStudioVersion = 10.0.40219.1
Project("{FAE04EC0-301F-11D3-BF4B-00C04F79EFBC}") = "Westcoast-Education-Api", "Westcoast-Education-Api\Westcoast-Education-Api.csproj", "{E9EF64D8-6560-4710-9E20-DE86C553A9AB}"
EndProject
Global
	GlobalSection(SolutionConfigurationPlatforms) = preSolution
		Debug|Any CPU = Debug|Any CPU
		Release|Any CPU = Release|Any CPU
	EndGlobalSection
	GlobalSection(SolutionProperties) = preSolution
		HideSolutionNode = FALSE
	EndGlobalSection
	GlobalSection(ProjectConfigurationPlatforms) = postSolution
		{E9EF64D8-6560-4710-9E20-DE86C553A9AB}.Debug|Any CPU.ActiveCfg = Debug|Any CPU
		{E9EF64D8-6560-4710-9E20-DE86C553A9AB}.Debug|Any CPU.Build.0 = Debug|Any CPU
		{E9EF64D8-6560-4710-9E20-DE86C553A9AB}.Release|Any CPU.ActiveCfg = Release|Any CPU
		{E9EF64D8-6560-4710-9E20-DE86C553A9AB}.Release|Any CPU.Build.0 = Release|Any CPU
	EndGlobalSection
EndGlobal
